
Microsoft Visual Studio Solution File, Format Version 12.00
# Visual Studio Version 17
VisualStudioVersion = 17.2.32630.192
MinimumVisualStudioVersion = 10.0.40219.1
Project("{FAE04EC0-301F-11D3-BF4B-00C04F79EFBC}") = "WebApiUdemy", "WebApiUdemy\WebApiUdemy.csproj", "{ECDDC47D-43C0-45DC-BD48-DA6316F7A962}"
EndProject
Global
	GlobalSection(SolutionConfigurationPlatforms) = preSolution
		Debug|Any CPU = Debug|Any CPU
		Release|Any CPU = Release|Any CPU
	EndGlobalSection
	GlobalSection(ProjectConfigurationPlatforms) = postSolution
		{ECDDC47D-43C0-45DC-BD48-DA6316F7A962}.Debug|Any CPU.ActiveCfg = Debug|Any CPU
		{ECDDC47D-43C0-45DC-BD48-DA6316F7A962}.Debug|Any CPU.Build.0 = Debug|Any CPU
		{ECDDC47D-43C0-45DC-BD48-DA6316F7A962}.Release|Any CPU.ActiveCfg = Release|Any CPU
		{ECDDC47D-43C0-45DC-BD48-DA6316F7A962}.Release|Any CPU.Build.0 = Release|Any CPU
	EndGlobalSection
	GlobalSection(SolutionProperties) = preSolution
		HideSolutionNode = FALSE
	EndGlobalSection
	GlobalSection(ExtensibilityGlobals) = postSolution
		SolutionGuid = {A2F8DF2D-665B-40B4-8B13-A22569038B4C}
	EndGlobalSection
EndGlobal
